// !$*UTF8*$!
{
	archiveVersion = 1;
	classes = {
	};
	objectVersion = 50;
	objects = {

/* Begin PBXBuildFile section */
		AA7BF31824B6F8140047253C /* AppDelegate.swift in Sources */ = {isa = PBXBuildFile; fileRef = AA7BF31724B6F8140047253C /* AppDelegate.swift */; };
		AA7BF31A24B6F8140047253C /* SceneDelegate.swift in Sources */ = {isa = PBXBuildFile; fileRef = AA7BF31924B6F8140047253C /* SceneDelegate.swift */; };
		AA7BF32124B6F8140047253C /* Main.storyboard in Resources */ = {isa = PBXBuildFile; fileRef = AA7BF31F24B6F8140047253C /* Main.storyboard */; };
		AA7BF32324B6F8170047253C /* Assets.xcassets in Resources */ = {isa = PBXBuildFile; fileRef = AA7BF32224B6F8170047253C /* Assets.xcassets */; };
		AA7BF32624B6F8170047253C /* LaunchScreen.storyboard in Resources */ = {isa = PBXBuildFile; fileRef = AA7BF32424B6F8170047253C /* LaunchScreen.storyboard */; };
		AA7BF33224B70FD40047253C /* SearchScreenController.swift in Sources */ = {isa = PBXBuildFile; fileRef = AA7BF33124B70FD40047253C /* SearchScreenController.swift */; };
		AA7BF33424B7102A0047253C /* HomeScreenController.swift in Sources */ = {isa = PBXBuildFile; fileRef = AA7BF33324B7102A0047253C /* HomeScreenController.swift */; };
		AA7BF33824B80B090047253C /* MediaCell.swift in Sources */ = {isa = PBXBuildFile; fileRef = AA7BF33724B80B090047253C /* MediaCell.swift */; };
		AA7BF33A24B80D070047253C /* Media.swift in Sources */ = {isa = PBXBuildFile; fileRef = AA7BF33924B80D070047253C /* Media.swift */; };
		AA7BF34024B888D00047253C /* README.md in Resources */ = {isa = PBXBuildFile; fileRef = AA7BF33F24B888D00047253C /* README.md */; };
		AA7BF34224B98CF10047253C /* videos in Resources */ = {isa = PBXBuildFile; fileRef = AA7BF34124B98CF00047253C /* videos */; };
		AA7BF34424B9B6CF0047253C /* MediaDescrptionView.swift in Sources */ = {isa = PBXBuildFile; fileRef = AA7BF34324B9B6CF0047253C /* MediaDescrptionView.swift */; };
		AA7BF34824B9D9E10047253C /* MediaFooterView.swift in Sources */ = {isa = PBXBuildFile; fileRef = AA7BF34724B9D9E10047253C /* MediaFooterView.swift */; };
/* End PBXBuildFile section */

/* Begin PBXFileReference section */
		AA7BF31424B6F8140047253C /* movieShell.app */ = {isa = PBXFileReference; explicitFileType = wrapper.application; includeInIndex = 0; path = movieShell.app; sourceTree = BUILT_PRODUCTS_DIR; };
		AA7BF31724B6F8140047253C /* AppDelegate.swift */ = {isa = PBXFileReference; lastKnownFileType = sourcecode.swift; path = AppDelegate.swift; sourceTree = "<group>"; };
		AA7BF31924B6F8140047253C /* SceneDelegate.swift */ = {isa = PBXFileReference; lastKnownFileType = sourcecode.swift; path = SceneDelegate.swift; sourceTree = "<group>"; };
		AA7BF32024B6F8140047253C /* Base */ = {isa = PBXFileReference; lastKnownFileType = file.storyboard; name = Base; path = Base.lproj/Main.storyboard; sourceTree = "<group>"; };
		AA7BF32224B6F8170047253C /* Assets.xcassets */ = {isa = PBXFileReference; lastKnownFileType = folder.assetcatalog; path = Assets.xcassets; sourceTree = "<group>"; };
		AA7BF32524B6F8170047253C /* Base */ = {isa = PBXFileReference; lastKnownFileType = file.storyboard; name = Base; path = Base.lproj/LaunchScreen.storyboard; sourceTree = "<group>"; };
		AA7BF32724B6F8170047253C /* Info.plist */ = {isa = PBXFileReference; lastKnownFileType = text.plist.xml; path = Info.plist; sourceTree = "<group>"; };
		AA7BF33124B70FD40047253C /* SearchScreenController.swift */ = {isa = PBXFileReference; lastKnownFileType = sourcecode.swift; path = SearchScreenController.swift; sourceTree = "<group>"; };
		AA7BF33324B7102A0047253C /* HomeScreenController.swift */ = {isa = PBXFileReference; lastKnownFileType = sourcecode.swift; path = HomeScreenController.swift; sourceTree = "<group>"; };
		AA7BF33724B80B090047253C /* MediaCell.swift */ = {isa = PBXFileReference; lastKnownFileType = sourcecode.swift; path = MediaCell.swift; sourceTree = "<group>"; };
		AA7BF33924B80D070047253C /* Media.swift */ = {isa = PBXFileReference; lastKnownFileType = sourcecode.swift; path = Media.swift; sourceTree = "<group>"; };
		AA7BF33F24B888D00047253C /* README.md */ = {isa = PBXFileReference; lastKnownFileType = net.daringfireball.markdown; path = README.md; sourceTree = "<group>"; };
		AA7BF34124B98CF00047253C /* videos */ = {isa = PBXFileReference; lastKnownFileType = folder; name = videos; path = ../../../../Downloads/videos; sourceTree = "<group>"; };
		AA7BF34324B9B6CF0047253C /* MediaDescrptionView.swift */ = {isa = PBXFileReference; lastKnownFileType = sourcecode.swift; path = MediaDescrptionView.swift; sourceTree = "<group>"; };
		AA7BF34724B9D9E10047253C /* MediaFooterView.swift */ = {isa = PBXFileReference; lastKnownFileType = sourcecode.swift; path = MediaFooterView.swift; sourceTree = "<group>"; };
/* End PBXFileReference section */

/* Begin PBXFrameworksBuildPhase section */
		AA7BF31124B6F8140047253C /* Frameworks */ = {
			isa = PBXFrameworksBuildPhase;
			buildActionMask = 2147483647;
			files = (
			);
			runOnlyForDeploymentPostprocessing = 0;
		};
/* End PBXFrameworksBuildPhase section */

/* Begin PBXGroup section */
		AA7BF30B24B6F8140047253C = {
			isa = PBXGroup;
			children = (
				AA7BF33F24B888D00047253C /* README.md */,
				AA7BF31624B6F8140047253C /* movieShell */,
				AA7BF31524B6F8140047253C /* Products */,
			);
			sourceTree = "<group>";
		};
		AA7BF31524B6F8140047253C /* Products */ = {
			isa = PBXGroup;
			children = (
				AA7BF31424B6F8140047253C /* movieShell.app */,
			);
			name = Products;
			sourceTree = "<group>";
		};
		AA7BF31624B6F8140047253C /* movieShell */ = {
			isa = PBXGroup;
			children = (
				AA7BF34124B98CF00047253C /* videos */,
				AA7BF31724B6F8140047253C /* AppDelegate.swift */,
				AA7BF31924B6F8140047253C /* SceneDelegate.swift */,
				AA7BF33324B7102A0047253C /* HomeScreenController.swift */,
				AA7BF33124B70FD40047253C /* SearchScreenController.swift */,
				AA7BF33724B80B090047253C /* MediaCell.swift */,
				AA7BF33924B80D070047253C /* Media.swift */,
				AA7BF31F24B6F8140047253C /* Main.storyboard */,
				AA7BF32224B6F8170047253C /* Assets.xcassets */,
				AA7BF32424B6F8170047253C /* LaunchScreen.storyboard */,
				AA7BF32724B6F8170047253C /* Info.plist */,
				AA7BF34324B9B6CF0047253C /* MediaDescrptionView.swift */,
				AA7BF34724B9D9E10047253C /* MediaFooterView.swift */,
			);
			path = movieShell;
			sourceTree = "<group>";
		};
/* End PBXGroup section */

/* Begin PBXNativeTarget section */
		AA7BF31324B6F8140047253C /* movieShell */ = {
			isa = PBXNativeTarget;
			buildConfigurationList = AA7BF32A24B6F8170047253C /* Build configuration list for PBXNativeTarget "movieShell" */;
			buildPhases = (
				AA7BF31024B6F8140047253C /* Sources */,
				AA7BF31124B6F8140047253C /* Frameworks */,
				AA7BF31224B6F8140047253C /* Resources */,
			);
			buildRules = (
			);
			dependencies = (
			);
			name = movieShell;
			productName = movieShell;
			productReference = AA7BF31424B6F8140047253C /* movieShell.app */;
			productType = "com.apple.product-type.application";
		};
/* End PBXNativeTarget section */

/* Begin PBXProject section */
		AA7BF30C24B6F8140047253C /* Project object */ = {
			isa = PBXProject;
			attributes = {
				LastSwiftUpdateCheck = 1150;
				LastUpgradeCheck = 1150;
				ORGANIZATIONNAME = "Funa Nnoka";
				TargetAttributes = {
					AA7BF31324B6F8140047253C = {
						CreatedOnToolsVersion = 11.5;
					};
				};
			};
			buildConfigurationList = AA7BF30F24B6F8140047253C /* Build configuration list for PBXProject "movieShell" */;
			compatibilityVersion = "Xcode 9.3";
			developmentRegion = en;
			hasScannedForEncodings = 0;
			knownRegions = (
				en,
				Base,
			);
			mainGroup = AA7BF30B24B6F8140047253C;
			productRefGroup = AA7BF31524B6F8140047253C /* Products */;
			projectDirPath = "";
			projectRoot = "";
			targets = (
				AA7BF31324B6F8140047253C /* movieShell */,
			);
		};
/* End PBXProject section */

/* Begin PBXResourcesBuildPhase section */
		AA7BF31224B6F8140047253C /* Resources */ = {
			isa = PBXResourcesBuildPhase;
			buildActionMask = 2147483647;
			files = (
				AA7BF34224B98CF10047253C /* videos in Resources */,
				AA7BF32624B6F8170047253C /* LaunchScreen.storyboard in Resources */,
				AA7BF32324B6F8170047253C /* Assets.xcassets in Resources */,
				AA7BF32124B6F8140047253C /* Main.storyboard in Resources */,
				AA7BF34024B888D00047253C /* README.md in Resources */,
			);
			runOnlyForDeploymentPostprocessing = 0;
		};
/* End PBXResourcesBuildPhase section */

/* Begin PBXSourcesBuildPhase section */
		AA7BF31024B6F8140047253C /* Sources */ = {
			isa = PBXSourcesBuildPhase;
			buildActionMask = 2147483647;
			files = (
				AA7BF34424B9B6CF0047253C /* MediaDescrptionView.swift in Sources */,
				AA7BF33224B70FD40047253C /* SearchScreenController.swift in Sources */,
				AA7BF34824B9D9E10047253C /* MediaFooterView.swift in Sources */,
				AA7BF31824B6F8140047253C /* AppDelegate.swift in Sources */,
				AA7BF33A24B80D070047253C /* Media.swift in Sources */,
				AA7BF33824B80B090047253C /* MediaCell.swift in Sources */,
				AA7BF33424B7102A0047253C /* HomeScreenController.swift in Sources */,
				AA7BF31A24B6F8140047253C /* SceneDelegate.swift in Sources */,
			);
			runOnlyForDeploymentPostprocessing = 0;
		};
/* End PBXSourcesBuildPhase section */

/* Begin PBXVariantGroup section */
		AA7BF31F24B6F8140047253C /* Main.storyboard */ = {
			isa = PBXVariantGroup;
			children = (
				AA7BF32024B6F8140047253C /* Base */,
			);
			name = Main.storyboard;
			sourceTree = "<group>";
		};
		AA7BF32424B6F8170047253C /* LaunchScreen.storyboard */ = {
			isa = PBXVariantGroup;
			children = (
				AA7BF32524B6F8170047253C /* Base */,
			);
			name = LaunchScreen.storyboard;
			sourceTree = "<group>";
		};
/* End PBXVariantGroup section */

/* Begin XCBuildConfiguration section */
		AA7BF32824B6F8170047253C /* Debug */ = {
			isa = XCBuildConfiguration;
			buildSettings = {
				ALWAYS_SEARCH_USER_PATHS = NO;
				CLANG_ANALYZER_NONNULL = YES;
				CLANG_ANALYZER_NUMBER_OBJECT_CONVERSION = YES_AGGRESSIVE;
				CLANG_CXX_LANGUAGE_STANDARD = "gnu++14";
				CLANG_CXX_LIBRARY = "libc++";
				CLANG_ENABLE_MODULES = YES;
				CLANG_ENABLE_OBJC_ARC = YES;
				CLANG_ENABLE_OBJC_WEAK = YES;
				CLANG_WARN_BLOCK_CAPTURE_AUTORELEASING = YES;
				CLANG_WARN_BOOL_CONVERSION = YES;
				CLANG_WARN_COMMA = YES;
				CLANG_WARN_CONSTANT_CONVERSION = YES;
				CLANG_WARN_DEPRECATED_OBJC_IMPLEMENTATIONS = YES;
				CLANG_WARN_DIRECT_OBJC_ISA_USAGE = YES_ERROR;
				CLANG_WARN_DOCUMENTATION_COMMENTS = YES;
				CLANG_WARN_EMPTY_BODY = YES;
				CLANG_WARN_ENUM_CONVERSION = YES;
				CLANG_WARN_INFINITE_RECURSION = YES;
				CLANG_WARN_INT_CONVERSION = YES;
				CLANG_WARN_NON_LITERAL_NULL_CONVERSION = YES;
				CLANG_WARN_OBJC_IMPLICIT_RETAIN_SELF = YES;
				CLANG_WARN_OBJC_LITERAL_CONVERSION = YES;
				CLANG_WARN_OBJC_ROOT_CLASS = YES_ERROR;
				CLANG_WARN_RANGE_LOOP_ANALYSIS = YES;
				CLANG_WARN_STRICT_PROTOTYPES = YES;
				CLANG_WARN_SUSPICIOUS_MOVE = YES;
				CLANG_WARN_UNGUARDED_AVAILABILITY = YES_AGGRESSIVE;
				CLANG_WARN_UNREACHABLE_CODE = YES;
				CLANG_WARN__DUPLICATE_METHOD_MATCH = YES;
				COPY_PHASE_STRIP = NO;
				DEBUG_INFORMATION_FORMAT = dwarf;
				ENABLE_STRICT_OBJC_MSGSEND = YES;
				ENABLE_TESTABILITY = YES;
				GCC_C_LANGUAGE_STANDARD = gnu11;
				GCC_DYNAMIC_NO_PIC = NO;
				GCC_NO_COMMON_BLOCKS = YES;
				GCC_OPTIMIZATION_LEVEL = 0;
				GCC_PREPROCESSOR_DEFINITIONS = (
					"DEBUG=1",
					"$(inherited)",
				);
				GCC_WARN_64_TO_32_BIT_CONVERSION = YES;
				GCC_WARN_ABOUT_RETURN_TYPE = YES_ERROR;
				GCC_WARN_UNDECLARED_SELECTOR = YES;
				GCC_WARN_UNINITIALIZED_AUTOS = YES_AGGRESSIVE;
				GCC_WARN_UNUSED_FUNCTION = YES;
				GCC_WARN_UNUSED_VARIABLE = YES;
				IPHONEOS_DEPLOYMENT_TARGET = 13.5;
				MTL_ENABLE_DEBUG_INFO = INCLUDE_SOURCE;
				MTL_FAST_MATH = YES;
				ONLY_ACTIVE_ARCH = YES;
				SDKROOT = iphoneos;
				SWIFT_ACTIVE_COMPILATION_CONDITIONS = DEBUG;
				SWIFT_OPTIMIZATION_LEVEL = "-Onone";
			};
			name = Debug;
		};
		AA7BF32924B6F8170047253C /* Release */ = {
			isa = XCBuildConfiguration;
			buildSettings = {
				ALWAYS_SEARCH_USER_PATHS = NO;
				CLANG_ANALYZER_NONNULL = YES;
				CLANG_ANALYZER_NUMBER_OBJECT_CONVERSION = YES_AGGRESSIVE;
				CLANG_CXX_LANGUAGE_STANDARD = "gnu++14";
				CLANG_CXX_LIBRARY = "libc++";
				CLANG_ENABLE_MODULES = YES;
				CLANG_ENABLE_OBJC_ARC = YES;
				CLANG_ENABLE_OBJC_WEAK = YES;
				CLANG_WARN_BLOCK_CAPTURE_AUTORELEASING = YES;
				CLANG_WARN_BOOL_CONVERSION = YES;
				CLANG_WARN_COMMA = YES;
				CLANG_WARN_CONSTANT_CONVERSION = YES;
				CLANG_WARN_DEPRECATED_OBJC_IMPLEMENTATIONS = YES;
				CLANG_WARN_DIRECT_OBJC_ISA_USAGE = YES_ERROR;
				CLANG_WARN_DOCUMENTATION_COMMENTS = YES;
				CLANG_WARN_EMPTY_BODY = YES;
				CLANG_WARN_ENUM_CONVERSION = YES;
				CLANG_WARN_INFINITE_RECURSION = YES;
				CLANG_WARN_INT_CONVERSION = YES;
				CLANG_WARN_NON_LITERAL_NULL_CONVERSION = YES;
				CLANG_WARN_OBJC_IMPLICIT_RETAIN_SELF = YES;
				CLANG_WARN_OBJC_LITERAL_CONVERSION = YES;
				CLANG_WARN_OBJC_ROOT_CLASS = YES_ERROR;
				CLANG_WARN_RANGE_LOOP_ANALYSIS = YES;
				CLANG_WARN_STRICT_PROTOTYPES = YES;
				CLANG_WARN_SUSPICIOUS_MOVE = YES;
				CLANG_WARN_UNGUARDED_AVAILABILITY = YES_AGGRESSIVE;
				CLANG_WARN_UNREACHABLE_CODE = YES;
				CLANG_WARN__DUPLICATE_METHOD_MATCH = YES;
				COPY_PHASE_STRIP = NO;
				DEBUG_INFORMATION_FORMAT = "dwarf-with-dsym";
				ENABLE_NS_ASSERTIONS = NO;
				ENABLE_STRICT_OBJC_MSGSEND = YES;
				GCC_C_LANGUAGE_STANDARD = gnu11;
				GCC_NO_COMMON_BLOCKS = YES;
				GCC_WARN_64_TO_32_BIT_CONVERSION = YES;
				GCC_WARN_ABOUT_RETURN_TYPE = YES_ERROR;
				GCC_WARN_UNDECLARED_SELECTOR = YES;
				GCC_WARN_UNINITIALIZED_AUTOS = YES_AGGRESSIVE;
				GCC_WARN_UNUSED_FUNCTION = YES;
				GCC_WARN_UNUSED_VARIABLE = YES;
				IPHONEOS_DEPLOYMENT_TARGET = 13.5;
				MTL_ENABLE_DEBUG_INFO = NO;
				MTL_FAST_MATH = YES;
				SDKROOT = iphoneos;
				SWIFT_COMPILATION_MODE = wholemodule;
				SWIFT_OPTIMIZATION_LEVEL = "-O";
				VALIDATE_PRODUCT = YES;
			};
			name = Release;
		};
		AA7BF32B24B6F8170047253C /* Debug */ = {
			isa = XCBuildConfiguration;
			buildSettings = {
				ASSETCATALOG_COMPILER_APPICON_NAME = AppIcon;
				CODE_SIGN_STYLE = Automatic;
				DEVELOPMENT_TEAM = W2B379BHAC;
				INFOPLIST_FILE = movieShell/Info.plist;
				LD_RUNPATH_SEARCH_PATHS = (
					"$(inherited)",
					"@executable_path/Frameworks",
				);
				PRODUCT_BUNDLE_IDENTIFIER = com.funannoka.movieShell;
				PRODUCT_NAME = "$(TARGET_NAME)";
				SWIFT_VERSION = 5.0;
				TARGETED_DEVICE_FAMILY = "1,2";
			};
			name = Debug;
		};
		AA7BF32C24B6F8170047253C /* Release */ = {
			isa = XCBuildConfiguration;
			buildSettings = {
				ASSETCATALOG_COMPILER_APPICON_NAME = AppIcon;
				CODE_SIGN_STYLE = Automatic;
				DEVELOPMENT_TEAM = W2B379BHAC;
				INFOPLIST_FILE = movieShell/Info.plist;
				LD_RUNPATH_SEARCH_PATHS = (
					"$(inherited)",
					"@executable_path/Frameworks",
				);
				PRODUCT_BUNDLE_IDENTIFIER = com.funannoka.movieShell;
				PRODUCT_NAME = "$(TARGET_NAME)";
				SWIFT_VERSION = 5.0;
				TARGETED_DEVICE_FAMILY = "1,2";
			};
			name = Release;
		};
/* End XCBuildConfiguration section */

/* Begin XCConfigurationList section */
		AA7BF30F24B6F8140047253C /* Build configuration list for PBXProject "movieShell" */ = {
			isa = XCConfigurationList;
			buildConfigurations = (
				AA7BF32824B6F8170047253C /* Debug */,
				AA7BF32924B6F8170047253C /* Release */,
			);
			defaultConfigurationIsVisible = 0;
			defaultConfigurationName = Release;
		};
		AA7BF32A24B6F8170047253C /* Build configuration list for PBXNativeTarget "movieShell" */ = {
			isa = XCConfigurationList;
			buildConfigurations = (
				AA7BF32B24B6F8170047253C /* Debug */,
				AA7BF32C24B6F8170047253C /* Release */,
			);
			defaultConfigurationIsVisible = 0;
			defaultConfigurationName = Release;
		};
/* End XCConfigurationList section */
	};
	rootObject = AA7BF30C24B6F8140047253C /* Project object */;
}
